{
  "name": "mom",
  "lockfileVersion": 3,
  "requires": true,
  "packages": {
    "": {
      "dependencies": {
        "seamless-scroll-polyfill": "^2.3.4"
      }
    },
    "node_modules/seamless-scroll-polyfill": {
      "version": "2.3.4",
      "resolved": "https://registry.npmjs.org/seamless-scroll-polyfill/-/seamless-scroll-polyfill-2.3.4.tgz",
      "integrity": "sha512-Biobd4LDoeFODX1bfiru84GveSajzFELFB3ejMZsRR2TpD73W46uEZYAEqSx5RtKpN2umhGWaoSRivs0ZcHp9g=="
    }
  }
}
